{
  "name": "yoga-university-mvp",
  "lockfileVersion": 3,
  "requires": true,
  "packages": {
    "": {
      "devDependencies": {
        "@netlify/plugin-nextjs": "^5.13.0"
      }
    },
    "node_modules/@netlify/plugin-nextjs": {
      "version": "5.13.0",
      "resolved": "https://registry.npmjs.org/@netlify/plugin-nextjs/-/plugin-nextjs-5.13.0.tgz",
      "integrity": "sha512-sOhMUITRmcQDFf+ppAhZwecCE2kDCV8nVWe3fwTkNThpKoXBcpKVECL07IkBv5fJLxp/kODy346OaCk6FI9MAg==",
      "dev": true,
      "engines": {
        "node": ">=18.0.0"
      }
    }
  }
}
